
Microsoft Visual Studio Solution File, Format Version 12.00
# Visual Studio 2013
VisualStudioVersion = 12.0.31101.0
MinimumVisualStudioVersion = 10.0.40219.1
Project("{FAE04EC0-301F-11D3-BF4B-00C04F79EFBC}") = "Stateful", "Stateful\Stateful.csproj", "{731381AE-83AE-47A8-9B13-8ECD84F854F7}"
EndProject
Project("{FAE04EC0-301F-11D3-BF4B-00C04F79EFBC}") = "Stateful.Tests", "Stateful.Tests\Stateful.Tests.csproj", "{A3AC0ACD-6559-4626-BB96-9742454D80F6}"
EndProject
Project("{2150E333-8FDC-42A3-9474-1A3956D46DE8}") = ".nuget", ".nuget", "{C04FD93C-160D-4A70-BBB8-581F7F6667A8}"
	ProjectSection(SolutionItems) = preProject
		.nuget\packages.config = .nuget\packages.config
	EndProjectSection
EndProject
Global
	GlobalSection(SolutionConfigurationPlatforms) = preSolution
		Debug|Any CPU = Debug|Any CPU
		Release|Any CPU = Release|Any CPU
	EndGlobalSection
	GlobalSection(ProjectConfigurationPlatforms) = postSolution
		{731381AE-83AE-47A8-9B13-8ECD84F854F7}.Debug|Any CPU.ActiveCfg = Debug|Any CPU
		{731381AE-83AE-47A8-9B13-8ECD84F854F7}.Debug|Any CPU.Build.0 = Debug|Any CPU
		{731381AE-83AE-47A8-9B13-8ECD84F854F7}.Release|Any CPU.ActiveCfg = Release|Any CPU
		{731381AE-83AE-47A8-9B13-8ECD84F854F7}.Release|Any CPU.Build.0 = Release|Any CPU
		{A3AC0ACD-6559-4626-BB96-9742454D80F6}.Debug|Any CPU.ActiveCfg = Debug|Any CPU
		{A3AC0ACD-6559-4626-BB96-9742454D80F6}.Debug|Any CPU.Build.0 = Debug|Any CPU
		{A3AC0ACD-6559-4626-BB96-9742454D80F6}.Release|Any CPU.ActiveCfg = Release|Any CPU
		{A3AC0ACD-6559-4626-BB96-9742454D80F6}.Release|Any CPU.Build.0 = Release|Any CPU
	EndGlobalSection
	GlobalSection(SolutionProperties) = preSolution
		HideSolutionNode = FALSE
	EndGlobalSection
EndGlobal
